{
  "name": "warbuilder-server",
  "version": "1.0.0",
  "lockfileVersion": 3,
  "requires": true,
  "packages": {
    "": {
      "name": "warbuilder-server",
      "version": "1.0.0",
      "license": "MIT",
      "dependencies": {
        "warframe-items": "^1.1258.10"
      }
    },
    "node_modules/warframe-items": {
      "version": "1.1258.10",
      "resolved": "https://registry.npmjs.org/warframe-items/-/warframe-items-1.1258.10.tgz",
      "integrity": "sha512-wSUkJl8rl2qBEnqQGpJc0doruG0m+QFJfyZWyoxWVhqEeUspUTuJSKyen7UDPcZPfOLMVzPMIB9IFfmpw4YFxw=="
    }
  }
}
